
Microsoft Visual Studio Solution File, Format Version 12.00
# Visual Studio Version 17
VisualStudioVersion = 17.3.32901.215
MinimumVisualStudioVersion = 10.0.40219.1
Project("{FAE04EC0-301F-11D3-BF4B-00C04F79EFBC}") = "AppWebAPI", "AppWebAPI\AppWebAPI.csproj", "{0032D2A0-2C65-4DD4-868B-7B866AFFD7D6}"
EndProject
Project("{FAE04EC0-301F-11D3-BF4B-00C04F79EFBC}") = "EntityLayer", "EntityLayer\EntityLayer.csproj", "{2A4C819B-5695-4DF3-9684-B96B4CA50443}"
EndProject
Project("{FAE04EC0-301F-11D3-BF4B-00C04F79EFBC}") = "DataAccessLayer", "DataAccessLayer\DataAccessLayer.csproj", "{BC499860-FF74-4BAD-A462-50FFEC9DC4D8}"
EndProject
Project("{FAE04EC0-301F-11D3-BF4B-00C04F79EFBC}") = "BusinessLayer", "BusinessLayer\BusinessLayer.csproj", "{DAEA6269-CABD-41B4-A9AE-3E93DD64D9AC}"
EndProject
Global
	GlobalSection(SolutionConfigurationPlatforms) = preSolution
		Debug|Any CPU = Debug|Any CPU
		Release|Any CPU = Release|Any CPU
	EndGlobalSection
	GlobalSection(ProjectConfigurationPlatforms) = postSolution
		{0032D2A0-2C65-4DD4-868B-7B866AFFD7D6}.Debug|Any CPU.ActiveCfg = Debug|Any CPU
		{0032D2A0-2C65-4DD4-868B-7B866AFFD7D6}.Debug|Any CPU.Build.0 = Debug|Any CPU
		{0032D2A0-2C65-4DD4-868B-7B866AFFD7D6}.Release|Any CPU.ActiveCfg = Release|Any CPU
		{0032D2A0-2C65-4DD4-868B-7B866AFFD7D6}.Release|Any CPU.Build.0 = Release|Any CPU
		{2A4C819B-5695-4DF3-9684-B96B4CA50443}.Debug|Any CPU.ActiveCfg = Debug|Any CPU
		{2A4C819B-5695-4DF3-9684-B96B4CA50443}.Debug|Any CPU.Build.0 = Debug|Any CPU
		{2A4C819B-5695-4DF3-9684-B96B4CA50443}.Release|Any CPU.ActiveCfg = Release|Any CPU
		{2A4C819B-5695-4DF3-9684-B96B4CA50443}.Release|Any CPU.Build.0 = Release|Any CPU
		{BC499860-FF74-4BAD-A462-50FFEC9DC4D8}.Debug|Any CPU.ActiveCfg = Debug|Any CPU
		{BC499860-FF74-4BAD-A462-50FFEC9DC4D8}.Debug|Any CPU.Build.0 = Debug|Any CPU
		{BC499860-FF74-4BAD-A462-50FFEC9DC4D8}.Release|Any CPU.ActiveCfg = Release|Any CPU
		{BC499860-FF74-4BAD-A462-50FFEC9DC4D8}.Release|Any CPU.Build.0 = Release|Any CPU
		{DAEA6269-CABD-41B4-A9AE-3E93DD64D9AC}.Debug|Any CPU.ActiveCfg = Debug|Any CPU
		{DAEA6269-CABD-41B4-A9AE-3E93DD64D9AC}.Debug|Any CPU.Build.0 = Debug|Any CPU
		{DAEA6269-CABD-41B4-A9AE-3E93DD64D9AC}.Release|Any CPU.ActiveCfg = Release|Any CPU
		{DAEA6269-CABD-41B4-A9AE-3E93DD64D9AC}.Release|Any CPU.Build.0 = Release|Any CPU
	EndGlobalSection
	GlobalSection(SolutionProperties) = preSolution
		HideSolutionNode = FALSE
	EndGlobalSection
	GlobalSection(ExtensibilityGlobals) = postSolution
		SolutionGuid = {34BEB6BD-2EF8-4E68-B78C-2561338799FB}
	EndGlobalSection
EndGlobal
